
Microsoft Visual Studio Solution File, Format Version 12.00
# Visual Studio Version 16
VisualStudioVersion = 16.0.30503.244
MinimumVisualStudioVersion = 10.0.40219.1
Project("{FAE04EC0-301F-11D3-BF4B-00C04F79EFBC}") = "exercise.UWP", "exercise\exercise.UWP\exercise.UWP.csproj", "{3A5C7D6A-B314-4B1C-935A-CB2797B189A7}"
EndProject
Project("{FAE04EC0-301F-11D3-BF4B-00C04F79EFBC}") = "exercise.Android", "exercise\exercise.Android\exercise.Android.csproj", "{F5FE8096-BA67-4644-B4FB-3487E7BB8914}"
EndProject
Project("{FAE04EC0-301F-11D3-BF4B-00C04F79EFBC}") = "exercise.iOS", "exercise\exercise.iOS\exercise.iOS.csproj", "{4C5E1CDC-7B11-49D4-B279-B2AD063012A1}"
EndProject
Project("{9A19103F-16F7-4668-BE54-9A1E7A4F7556}") = "exercise", "exercise\exercise\exercise.csproj", "{469683DB-844A-4F41-AC85-6540B412F89A}"
EndProject
Global
	GlobalSection(SolutionConfigurationPlatforms) = preSolution
		Debug|Any CPU = Debug|Any CPU
		Debug|ARM = Debug|ARM
		Debug|iPhone = Debug|iPhone
		Debug|iPhoneSimulator = Debug|iPhoneSimulator
		Debug|x64 = Debug|x64
		Debug|x86 = Debug|x86
		Release|Any CPU = Release|Any CPU
		Release|ARM = Release|ARM
		Release|iPhone = Release|iPhone
		Release|iPhoneSimulator = Release|iPhoneSimulator
		Release|x64 = Release|x64
		Release|x86 = Release|x86
	EndGlobalSection
	GlobalSection(ProjectConfigurationPlatforms) = postSolution
		{3A5C7D6A-B314-4B1C-935A-CB2797B189A7}.Debug|Any CPU.ActiveCfg = Debug|x86
		{3A5C7D6A-B314-4B1C-935A-CB2797B189A7}.Debug|Any CPU.Build.0 = Debug|x86
		{3A5C7D6A-B314-4B1C-935A-CB2797B189A7}.Debug|Any CPU.Deploy.0 = Debug|x86
		{3A5C7D6A-B314-4B1C-935A-CB2797B189A7}.Debug|ARM.ActiveCfg = Debug|ARM
		{3A5C7D6A-B314-4B1C-935A-CB2797B189A7}.Debug|ARM.Build.0 = Debug|ARM
		{3A5C7D6A-B314-4B1C-935A-CB2797B189A7}.Debug|ARM.Deploy.0 = Debug|ARM
		{3A5C7D6A-B314-4B1C-935A-CB2797B189A7}.Debug|iPhone.ActiveCfg = Debug|x86
		{3A5C7D6A-B314-4B1C-935A-CB2797B189A7}.Debug|iPhone.Build.0 = Debug|x86
		{3A5C7D6A-B314-4B1C-935A-CB2797B189A7}.Debug|iPhone.Deploy.0 = Debug|x86
		{3A5C7D6A-B314-4B1C-935A-CB2797B189A7}.Debug|iPhoneSimulator.ActiveCfg = Debug|x86
		{3A5C7D6A-B314-4B1C-935A-CB2797B189A7}.Debug|iPhoneSimulator.Build.0 = Debug|x86
		{3A5C7D6A-B314-4B1C-935A-CB2797B189A7}.Debug|iPhoneSimulator.Deploy.0 = Debug|x86
		{3A5C7D6A-B314-4B1C-935A-CB2797B189A7}.Debug|x64.ActiveCfg = Debug|x64
		{3A5C7D6A-B314-4B1C-935A-CB2797B189A7}.Debug|x64.Build.0 = Debug|x64
		{3A5C7D6A-B314-4B1C-935A-CB2797B189A7}.Debug|x64.Deploy.0 = Debug|x64
		{3A5C7D6A-B314-4B1C-935A-CB2797B189A7}.Debug|x86.ActiveCfg = Debug|x86
		{3A5C7D6A-B314-4B1C-935A-CB2797B189A7}.Debug|x86.Build.0 = Debug|x86
		{3A5C7D6A-B314-4B1C-935A-CB2797B189A7}.Debug|x86.Deploy.0 = Debug|x86
		{3A5C7D6A-B314-4B1C-935A-CB2797B189A7}.Release|Any CPU.ActiveCfg = Release|x86
		{3A5C7D6A-B314-4B1C-935A-CB2797B189A7}.Release|Any CPU.Build.0 = Release|x86
		{3A5C7D6A-B314-4B1C-935A-CB2797B189A7}.Release|Any CPU.Deploy.0 = Release|x86
		{3A5C7D6A-B314-4B1C-935A-CB2797B189A7}.Release|ARM.ActiveCfg = Release|ARM
		{3A5C7D6A-B314-4B1C-935A-CB2797B189A7}.Release|ARM.Build.0 = Release|ARM
		{3A5C7D6A-B314-4B1C-935A-CB2797B189A7}.Release|ARM.Deploy.0 = Release|ARM
		{3A5C7D6A-B314-4B1C-935A-CB2797B189A7}.Release|iPhone.ActiveCfg = Release|x86
		{3A5C7D6A-B314-4B1C-935A-CB2797B189A7}.Release|iPhone.Build.0 = Release|x86
		{3A5C7D6A-B314-4B1C-935A-CB2797B189A7}.Release|iPhone.Deploy.0 = Release|x86
		{3A5C7D6A-B314-4B1C-935A-CB2797B189A7}.Release|iPhoneSimulator.ActiveCfg = Release|x86
		{3A5C7D6A-B314-4B1C-935A-CB2797B189A7}.Release|iPhoneSimulator.Build.0 = Release|x86
		{3A5C7D6A-B314-4B1C-935A-CB2797B189A7}.Release|iPhoneSimulator.Deploy.0 = Release|x86
		{3A5C7D6A-B314-4B1C-935A-CB2797B189A7}.Release|x64.ActiveCfg = Release|x64
		{3A5C7D6A-B314-4B1C-935A-CB2797B189A7}.Release|x64.Build.0 = Release|x64
		{3A5C7D6A-B314-4B1C-935A-CB2797B189A7}.Release|x64.Deploy.0 = Release|x64
		{3A5C7D6A-B314-4B1C-935A-CB2797B189A7}.Release|x86.ActiveCfg = Release|x86
		{3A5C7D6A-B314-4B1C-935A-CB2797B189A7}.Release|x86.Build.0 = Release|x86
		{3A5C7D6A-B314-4B1C-935A-CB2797B189A7}.Release|x86.Deploy.0 = Release|x86
		{F5FE8096-BA67-4644-B4FB-3487E7BB8914}.Debug|Any CPU.ActiveCfg = Debug|Any CPU
		{F5FE8096-BA67-4644-B4FB-3487E7BB8914}.Debug|Any CPU.Build.0 = Debug|Any CPU
		{F5FE8096-BA67-4644-B4FB-3487E7BB8914}.Debug|Any CPU.Deploy.0 = Debug|Any CPU
		{F5FE8096-BA67-4644-B4FB-3487E7BB8914}.Debug|ARM.ActiveCfg = Debug|Any CPU
		{F5FE8096-BA67-4644-B4FB-3487E7BB8914}.Debug|ARM.Build.0 = Debug|Any CPU
		{F5FE8096-BA67-4644-B4FB-3487E7BB8914}.Debug|ARM.Deploy.0 = Debug|Any CPU
		{F5FE8096-BA67-4644-B4FB-3487E7BB8914}.Debug|iPhone.ActiveCfg = Debug|Any CPU
		{F5FE8096-BA67-4644-B4FB-3487E7BB8914}.Debug|iPhone.Build.0 = Debug|Any CPU
		{F5FE8096-BA67-4644-B4FB-3487E7BB8914}.Debug|iPhone.Deploy.0 = Debug|Any CPU
		{F5FE8096-BA67-4644-B4FB-3487E7BB8914}.Debug|iPhoneSimulator.ActiveCfg = Debug|Any CPU
		{F5FE8096-BA67-4644-B4FB-3487E7BB8914}.Debug|iPhoneSimulator.Build.0 = Debug|Any CPU
		{F5FE8096-BA67-4644-B4FB-3487E7BB8914}.Debug|iPhoneSimulator.Deploy.0 = Debug|Any CPU
		{F5FE8096-BA67-4644-B4FB-3487E7BB8914}.Debug|x64.ActiveCfg = Debug|Any CPU
		{F5FE8096-BA67-4644-B4FB-3487E7BB8914}.Debug|x64.Build.0 = Debug|Any CPU
		{F5FE8096-BA67-4644-B4FB-3487E7BB8914}.Debug|x64.Deploy.0 = Debug|Any CPU
		{F5FE8096-BA67-4644-B4FB-3487E7BB8914}.Debug|x86.ActiveCfg = Debug|Any CPU
		{F5FE8096-BA67-4644-B4FB-3487E7BB8914}.Debug|x86.Build.0 = Debug|Any CPU
		{F5FE8096-BA67-4644-B4FB-3487E7BB8914}.Debug|x86.Deploy.0 = Debug|Any CPU
		{F5FE8096-BA67-4644-B4FB-3487E7BB8914}.Release|Any CPU.ActiveCfg = Release|Any CPU
		{F5FE8096-BA67-4644-B4FB-3487E7BB8914}.Release|Any CPU.Build.0 = Release|Any CPU
		{F5FE8096-BA67-4644-B4FB-3487E7BB8914}.Release|Any CPU.Deploy.0 = Release|Any CPU
		{F5FE8096-BA67-4644-B4FB-3487E7BB8914}.Release|ARM.ActiveCfg = Release|Any CPU
		{F5FE8096-BA67-4644-B4FB-3487E7BB8914}.Release|ARM.Build.0 = Release|Any CPU
		{F5FE8096-BA67-4644-B4FB-3487E7BB8914}.Release|ARM.Deploy.0 = Release|Any CPU
		{F5FE8096-BA67-4644-B4FB-3487E7BB8914}.Release|iPhone.ActiveCfg = Release|Any CPU
		{F5FE8096-BA67-4644-B4FB-3487E7BB8914}.Release|iPhone.Build.0 = Release|Any CPU
		{F5FE8096-BA67-4644-B4FB-3487E7BB8914}.Release|iPhone.Deploy.0 = Release|Any CPU
		{F5FE8096-BA67-4644-B4FB-3487E7BB8914}.Release|iPhoneSimulator.ActiveCfg = Release|Any CPU
		{F5FE8096-BA67-4644-B4FB-3487E7BB8914}.Release|iPhoneSimulator.Build.0 = Release|Any CPU
		{F5FE8096-BA67-4644-B4FB-3487E7BB8914}.Release|iPhoneSimulator.Deploy.0 = Release|Any CPU
		{F5FE8096-BA67-4644-B4FB-3487E7BB8914}.Release|x64.ActiveCfg = Release|Any CPU
		{F5FE8096-BA67-4644-B4FB-3487E7BB8914}.Release|x64.Build.0 = Release|Any CPU
		{F5FE8096-BA67-4644-B4FB-3487E7BB8914}.Release|x64.Deploy.0 = Release|Any CPU
		{F5FE8096-BA67-4644-B4FB-3487E7BB8914}.Release|x86.ActiveCfg = Release|Any CPU
		{F5FE8096-BA67-4644-B4FB-3487E7BB8914}.Release|x86.Build.0 = Release|Any CPU
		{F5FE8096-BA67-4644-B4FB-3487E7BB8914}.Release|x86.Deploy.0 = Release|Any CPU
		{4C5E1CDC-7B11-49D4-B279-B2AD063012A1}.Debug|Any CPU.ActiveCfg = Debug|iPhoneSimulator
		{4C5E1CDC-7B11-49D4-B279-B2AD063012A1}.Debug|Any CPU.Build.0 = Debug|iPhoneSimulator
		{4C5E1CDC-7B11-49D4-B279-B2AD063012A1}.Debug|Any CPU.Deploy.0 = Debug|iPhoneSimulator
		{4C5E1CDC-7B11-49D4-B279-B2AD063012A1}.Debug|ARM.ActiveCfg = Debug|iPhone
		{4C5E1CDC-7B11-49D4-B279-B2AD063012A1}.Debug|ARM.Build.0 = Debug|iPhone
		{4C5E1CDC-7B11-49D4-B279-B2AD063012A1}.Debug|ARM.Deploy.0 = Debug|iPhone
		{4C5E1CDC-7B11-49D4-B279-B2AD063012A1}.Debug|iPhone.ActiveCfg = Debug|iPhone
		{4C5E1CDC-7B11-49D4-B279-B2AD063012A1}.Debug|iPhone.Build.0 = Debug|iPhone
		{4C5E1CDC-7B11-49D4-B279-B2AD063012A1}.Debug|iPhone.Deploy.0 = Debug|iPhone
		{4C5E1CDC-7B11-49D4-B279-B2AD063012A1}.Debug|iPhoneSimulator.ActiveCfg = Debug|iPhoneSimulator
		{4C5E1CDC-7B11-49D4-B279-B2AD063012A1}.Debug|iPhoneSimulator.Build.0 = Debug|iPhoneSimulator
		{4C5E1CDC-7B11-49D4-B279-B2AD063012A1}.Debug|iPhoneSimulator.Deploy.0 = Debug|iPhoneSimulator
		{4C5E1CDC-7B11-49D4-B279-B2AD063012A1}.Debug|x64.ActiveCfg = Debug|iPhoneSimulator
		{4C5E1CDC-7B11-49D4-B279-B2AD063012A1}.Debug|x64.Build.0 = Debug|iPhoneSimulator
		{4C5E1CDC-7B11-49D4-B279-B2AD063012A1}.Debug|x64.Deploy.0 = Debug|iPhoneSimulator
		{4C5E1CDC-7B11-49D4-B279-B2AD063012A1}.Debug|x86.ActiveCfg = Debug|iPhoneSimulator
		{4C5E1CDC-7B11-49D4-B279-B2AD063012A1}.Debug|x86.Build.0 = Debug|iPhoneSimulator
		{4C5E1CDC-7B11-49D4-B279-B2AD063012A1}.Debug|x86.Deploy.0 = Debug|iPhoneSimulator
		{4C5E1CDC-7B11-49D4-B279-B2AD063012A1}.Release|Any CPU.ActiveCfg = Release|iPhoneSimulator
		{4C5E1CDC-7B11-49D4-B279-B2AD063012A1}.Release|Any CPU.Build.0 = Release|iPhoneSimulator
		{4C5E1CDC-7B11-49D4-B279-B2AD063012A1}.Release|Any CPU.Deploy.0 = Release|iPhoneSimulator
		{4C5E1CDC-7B11-49D4-B279-B2AD063012A1}.Release|ARM.ActiveCfg = Release|iPhoneSimulator
		{4C5E1CDC-7B11-49D4-B279-B2AD063012A1}.Release|ARM.Build.0 = Release|iPhoneSimulator
		{4C5E1CDC-7B11-49D4-B279-B2AD063012A1}.Release|ARM.Deploy.0 = Release|iPhoneSimulator
		{4C5E1CDC-7B11-49D4-B279-B2AD063012A1}.Release|iPhone.ActiveCfg = Release|iPhone
		{4C5E1CDC-7B11-49D4-B279-B2AD063012A1}.Release|iPhone.Build.0 = Release|iPhone
		{4C5E1CDC-7B11-49D4-B279-B2AD063012A1}.Release|iPhone.Deploy.0 = Release|iPhone
		{4C5E1CDC-7B11-49D4-B279-B2AD063012A1}.Release|iPhoneSimulator.ActiveCfg = Release|iPhoneSimulator
		{4C5E1CDC-7B11-49D4-B279-B2AD063012A1}.Release|iPhoneSimulator.Build.0 = Release|iPhoneSimulator
		{4C5E1CDC-7B11-49D4-B279-B2AD063012A1}.Release|iPhoneSimulator.Deploy.0 = Release|iPhoneSimulator
		{4C5E1CDC-7B11-49D4-B279-B2AD063012A1}.Release|x64.ActiveCfg = Release|iPhoneSimulator
		{4C5E1CDC-7B11-49D4-B279-B2AD063012A1}.Release|x64.Build.0 = Release|iPhoneSimulator
		{4C5E1CDC-7B11-49D4-B279-B2AD063012A1}.Release|x64.Deploy.0 = Release|iPhoneSimulator
		{4C5E1CDC-7B11-49D4-B279-B2AD063012A1}.Release|x86.ActiveCfg = Release|iPhoneSimulator
		{4C5E1CDC-7B11-49D4-B279-B2AD063012A1}.Release|x86.Build.0 = Release|iPhoneSimulator
		{4C5E1CDC-7B11-49D4-B279-B2AD063012A1}.Release|x86.Deploy.0 = Release|iPhoneSimulator
		{469683DB-844A-4F41-AC85-6540B412F89A}.Debug|Any CPU.ActiveCfg = Debug|Any CPU
		{469683DB-844A-4F41-AC85-6540B412F89A}.Debug|Any CPU.Build.0 = Debug|Any CPU
		{469683DB-844A-4F41-AC85-6540B412F89A}.Debug|Any CPU.Deploy.0 = Debug|Any CPU
		{469683DB-844A-4F41-AC85-6540B412F89A}.Debug|ARM.ActiveCfg = Debug|Any CPU
		{469683DB-844A-4F41-AC85-6540B412F89A}.Debug|ARM.Build.0 = Debug|Any CPU
		{469683DB-844A-4F41-AC85-6540B412F89A}.Debug|ARM.Deploy.0 = Debug|Any CPU
		{469683DB-844A-4F41-AC85-6540B412F89A}.Debug|iPhone.ActiveCfg = Debug|Any CPU
		{469683DB-844A-4F41-AC85-6540B412F89A}.Debug|iPhone.Build.0 = Debug|Any CPU
		{469683DB-844A-4F41-AC85-6540B412F89A}.Debug|iPhone.Deploy.0 = Debug|Any CPU
		{469683DB-844A-4F41-AC85-6540B412F89A}.Debug|iPhoneSimulator.ActiveCfg = Debug|Any CPU
		{469683DB-844A-4F41-AC85-6540B412F89A}.Debug|iPhoneSimulator.Build.0 = Debug|Any CPU
		{469683DB-844A-4F41-AC85-6540B412F89A}.Debug|iPhoneSimulator.Deploy.0 = Debug|Any CPU
		{469683DB-844A-4F41-AC85-6540B412F89A}.Debug|x64.ActiveCfg = Debug|Any CPU
		{469683DB-844A-4F41-AC85-6540B412F89A}.Debug|x64.Build.0 = Debug|Any CPU
		{469683DB-844A-4F41-AC85-6540B412F89A}.Debug|x64.Deploy.0 = Debug|Any CPU
		{469683DB-844A-4F41-AC85-6540B412F89A}.Debug|x86.ActiveCfg = Debug|Any CPU
		{469683DB-844A-4F41-AC85-6540B412F89A}.Debug|x86.Build.0 = Debug|Any CPU
		{469683DB-844A-4F41-AC85-6540B412F89A}.Debug|x86.Deploy.0 = Debug|Any CPU
		{469683DB-844A-4F41-AC85-6540B412F89A}.Release|Any CPU.ActiveCfg = Release|Any CPU
		{469683DB-844A-4F41-AC85-6540B412F89A}.Release|Any CPU.Build.0 = Release|Any CPU
		{469683DB-844A-4F41-AC85-6540B412F89A}.Release|Any CPU.Deploy.0 = Release|Any CPU
		{469683DB-844A-4F41-AC85-6540B412F89A}.Release|ARM.ActiveCfg = Release|Any CPU
		{469683DB-844A-4F41-AC85-6540B412F89A}.Release|ARM.Build.0 = Release|Any CPU
		{469683DB-844A-4F41-AC85-6540B412F89A}.Release|ARM.Deploy.0 = Release|Any CPU
		{469683DB-844A-4F41-AC85-6540B412F89A}.Release|iPhone.ActiveCfg = Release|Any CPU
		{469683DB-844A-4F41-AC85-6540B412F89A}.Release|iPhone.Build.0 = Release|Any CPU
		{469683DB-844A-4F41-AC85-6540B412F89A}.Release|iPhone.Deploy.0 = Release|Any CPU
		{469683DB-844A-4F41-AC85-6540B412F89A}.Release|iPhoneSimulator.ActiveCfg = Release|Any CPU
		{469683DB-844A-4F41-AC85-6540B412F89A}.Release|iPhoneSimulator.Build.0 = Release|Any CPU
		{469683DB-844A-4F41-AC85-6540B412F89A}.Release|iPhoneSimulator.Deploy.0 = Release|Any CPU
		{469683DB-844A-4F41-AC85-6540B412F89A}.Release|x64.ActiveCfg = Release|Any CPU
		{469683DB-844A-4F41-AC85-6540B412F89A}.Release|x64.Build.0 = Release|Any CPU
		{469683DB-844A-4F41-AC85-6540B412F89A}.Release|x64.Deploy.0 = Release|Any CPU
		{469683DB-844A-4F41-AC85-6540B412F89A}.Release|x86.ActiveCfg = Release|Any CPU
		{469683DB-844A-4F41-AC85-6540B412F89A}.Release|x86.Build.0 = Release|Any CPU
		{469683DB-844A-4F41-AC85-6540B412F89A}.Release|x86.Deploy.0 = Release|Any CPU
	EndGlobalSection
	GlobalSection(SolutionProperties) = preSolution
		HideSolutionNode = FALSE
	EndGlobalSection
	GlobalSection(ExtensibilityGlobals) = postSolution
		SolutionGuid = {71AAF617-0364-47AE-A344-FDAF59A8855F}
	EndGlobalSection
EndGlobal
